<?xml version="1.0" encoding="UTF-8" standalone="yes" ?>
<CodeBlocks_project_file>
	<FileVersion major="1" minor="6" />
	<Project>
		<Option title="ISAAC" />
		<Option pch_mode="2" />
		<Option compiler="gcc" />
		<Build>
			<Target title="Debug">
				<Option output="bin/Debug/ISAAC" prefix_auto="1" extension_auto="1" />
				<Option working_dir="C:/Program Files (x86)/CodeBlocks/MinGW/bin" />
				<Option object_output="obj/Debug/" />
				<Option type="1" />
				<Option compiler="gcc" />
				<Option projectIncludeDirsRelation="2" />
				<Compiler>
					<Add option="-g" />
					<Add directory="include" />
					<Add directory="E:/Coding/Projects/ISAAC/" />
				</Compiler>
			</Target>
			<Target title="Release">
				<Option output="bin/Release/ISAAC" prefix_auto="1" extension_auto="1" />
				<Option working_dir="C:/Program Files (x86)/CodeBlocks/MinGW/bin" />
				<Option object_output="obj/Release/" />
				<Option type="0" />
				<Option compiler="gcc" />
				<Compiler>
					<Add option="-O2" />
				</Compiler>
				<Linker>
					<Add option="-s" />
				</Linker>
			</Target>
		</Build>
		<Compiler>
			<Add option="-Wall" />
			<Add directory="C:/Program Files (x86)/CodeBlocks/MinGW/include" />
		</Compiler>
		<Linker>
			<Add library="freeglut" />
			<Add library="opengl32" />
			<Add library="glu32" />
			<Add library="winmm" />
			<Add library="gdi32" />
			<Add directory="C:/Program Files (x86)/CodeBlocks/MinGW/lib" />
		</Linker>
		<Unit filename="everything.h" />
		<Unit filename="include/body.h" />
		<Unit filename="include/button.h" />
		<Unit filename="main.cpp" />
		<Unit filename="src/Collide.cpp" />
		<Unit filename="src/DetectColl.cpp" />
		<Unit filename="src/DrawWindow.cpp" />
		<Unit filename="src/LayerManagerWindow.cpp" />
		<Unit filename="src/MakeDot.cpp" />
		<Unit filename="src/Simulator.cpp" />
		<Unit filename="src/VelWindow.cpp" />
		<Unit filename="src/body.cpp" />
		<Unit filename="src/button.cpp" />
		<Extensions>
			<code_completion />
			<envvars />
			<debugger />
			<lib_finder disable_auto="1" />
		</Extensions>
	</Project>
</CodeBlocks_project_file>
